// !$*UTF8*$!
{
	archiveVersion = 1;
	classes = {
	};
	objectVersion = 55;
	objects = {

/* Begin PBXBuildFile section */
		BC5B39B627CC75B9000DB3B8 /* SwiftNavigationApp.swift in Sources */ = {isa = PBXBuildFile; fileRef = BC5B39A627CC75B7000DB3B8 /* SwiftNavigationApp.swift */; };
		BC5B39B727CC75B9000DB3B8 /* SwiftNavigationApp.swift in Sources */ = {isa = PBXBuildFile; fileRef = BC5B39A627CC75B7000DB3B8 /* SwiftNavigationApp.swift */; };
		BC5B39B827CC75B9000DB3B8 /* ContentView.swift in Sources */ = {isa = PBXBuildFile; fileRef = BC5B39A727CC75B7000DB3B8 /* ContentView.swift */; };
		BC5B39B927CC75B9000DB3B8 /* ContentView.swift in Sources */ = {isa = PBXBuildFile; fileRef = BC5B39A727CC75B7000DB3B8 /* ContentView.swift */; };
		BC5B39BA27CC75B9000DB3B8 /* Assets.xcassets in Resources */ = {isa = PBXBuildFile; fileRef = BC5B39A827CC75B9000DB3B8 /* Assets.xcassets */; };
		BC5B39BB27CC75B9000DB3B8 /* Assets.xcassets in Resources */ = {isa = PBXBuildFile; fileRef = BC5B39A827CC75B9000DB3B8 /* Assets.xcassets */; };
		BC5B39C827CC77AD000DB3B8 /* ItemDetailView.swift in Sources */ = {isa = PBXBuildFile; fileRef = BC5B39C727CC77AD000DB3B8 /* ItemDetailView.swift */; };
		BC5B39C927CC77AD000DB3B8 /* ItemDetailView.swift in Sources */ = {isa = PBXBuildFile; fileRef = BC5B39C727CC77AD000DB3B8 /* ItemDetailView.swift */; };
/* End PBXBuildFile section */

/* Begin PBXFileReference section */
		BC5B39A627CC75B7000DB3B8 /* SwiftNavigationApp.swift */ = {isa = PBXFileReference; lastKnownFileType = sourcecode.swift; path = SwiftNavigationApp.swift; sourceTree = "<group>"; };
		BC5B39A727CC75B7000DB3B8 /* ContentView.swift */ = {isa = PBXFileReference; lastKnownFileType = sourcecode.swift; path = ContentView.swift; sourceTree = "<group>"; };
		BC5B39A827CC75B9000DB3B8 /* Assets.xcassets */ = {isa = PBXFileReference; lastKnownFileType = folder.assetcatalog; path = Assets.xcassets; sourceTree = "<group>"; };
		BC5B39AD27CC75B9000DB3B8 /* SwiftNavigation.app */ = {isa = PBXFileReference; explicitFileType = wrapper.application; includeInIndex = 0; path = SwiftNavigation.app; sourceTree = BUILT_PRODUCTS_DIR; };
		BC5B39B327CC75B9000DB3B8 /* SwiftNavigation.app */ = {isa = PBXFileReference; explicitFileType = wrapper.application; includeInIndex = 0; path = SwiftNavigation.app; sourceTree = BUILT_PRODUCTS_DIR; };
		BC5B39B527CC75B9000DB3B8 /* macOS.entitlements */ = {isa = PBXFileReference; lastKnownFileType = text.plist.entitlements; path = macOS.entitlements; sourceTree = "<group>"; };
		BC5B39C727CC77AD000DB3B8 /* ItemDetailView.swift */ = {isa = PBXFileReference; lastKnownFileType = sourcecode.swift; path = ItemDetailView.swift; sourceTree = "<group>"; };
/* End PBXFileReference section */

/* Begin PBXFrameworksBuildPhase section */
		BC5B39AA27CC75B9000DB3B8 /* Frameworks */ = {
			isa = PBXFrameworksBuildPhase;
			buildActionMask = 2147483647;
			files = (
			);
			runOnlyForDeploymentPostprocessing = 0;
		};
		BC5B39B027CC75B9000DB3B8 /* Frameworks */ = {
			isa = PBXFrameworksBuildPhase;
			buildActionMask = 2147483647;
			files = (
			);
			runOnlyForDeploymentPostprocessing = 0;
		};
/* End PBXFrameworksBuildPhase section */

/* Begin PBXGroup section */
		BC5B39A027CC75B7000DB3B8 = {
			isa = PBXGroup;
			children = (
				BC5B39A527CC75B7000DB3B8 /* Shared */,
				BC5B39B427CC75B9000DB3B8 /* macOS */,
				BC5B39AE27CC75B9000DB3B8 /* Products */,
			);
			sourceTree = "<group>";
		};
		BC5B39A527CC75B7000DB3B8 /* Shared */ = {
			isa = PBXGroup;
			children = (
				BC5B39A627CC75B7000DB3B8 /* SwiftNavigationApp.swift */,
				BC5B39A727CC75B7000DB3B8 /* ContentView.swift */,
				BC5B39C727CC77AD000DB3B8 /* ItemDetailView.swift */,
				BC5B39A827CC75B9000DB3B8 /* Assets.xcassets */,
			);
			path = Shared;
			sourceTree = "<group>";
		};
		BC5B39AE27CC75B9000DB3B8 /* Products */ = {
			isa = PBXGroup;
			children = (
				BC5B39AD27CC75B9000DB3B8 /* SwiftNavigation.app */,
				BC5B39B327CC75B9000DB3B8 /* SwiftNavigation.app */,
			);
			name = Products;
			sourceTree = "<group>";
		};
		BC5B39B427CC75B9000DB3B8 /* macOS */ = {
			isa = PBXGroup;
			children = (
				BC5B39B527CC75B9000DB3B8 /* macOS.entitlements */,
			);
			path = macOS;
			sourceTree = "<group>";
		};
/* End PBXGroup section */

/* Begin PBXNativeTarget section */
		BC5B39AC27CC75B9000DB3B8 /* SwiftNavigation (iOS) */ = {
			isa = PBXNativeTarget;
			buildConfigurationList = BC5B39BE27CC75B9000DB3B8 /* Build configuration list for PBXNativeTarget "SwiftNavigation (iOS)" */;
			buildPhases = (
				BC5B39A927CC75B9000DB3B8 /* Sources */,
				BC5B39AA27CC75B9000DB3B8 /* Frameworks */,
				BC5B39AB27CC75B9000DB3B8 /* Resources */,
			);
			buildRules = (
			);
			dependencies = (
			);
			name = "SwiftNavigation (iOS)";
			productName = "SwiftNavigation (iOS)";
			productReference = BC5B39AD27CC75B9000DB3B8 /* SwiftNavigation.app */;
			productType = "com.apple.product-type.application";
		};
		BC5B39B227CC75B9000DB3B8 /* SwiftNavigation (macOS) */ = {
			isa = PBXNativeTarget;
			buildConfigurationList = BC5B39C127CC75B9000DB3B8 /* Build configuration list for PBXNativeTarget "SwiftNavigation (macOS)" */;
			buildPhases = (
				BC5B39AF27CC75B9000DB3B8 /* Sources */,
				BC5B39B027CC75B9000DB3B8 /* Frameworks */,
				BC5B39B127CC75B9000DB3B8 /* Resources */,
			);
			buildRules = (
			);
			dependencies = (
			);
			name = "SwiftNavigation (macOS)";
			productName = "SwiftNavigation (macOS)";
			productReference = BC5B39B327CC75B9000DB3B8 /* SwiftNavigation.app */;
			productType = "com.apple.product-type.application";
		};
/* End PBXNativeTarget section */

/* Begin PBXProject section */
		BC5B39A127CC75B7000DB3B8 /* Project object */ = {
			isa = PBXProject;
			attributes = {
				BuildIndependentTargetsInParallel = 1;
				LastSwiftUpdateCheck = 1320;
				LastUpgradeCheck = 1320;
				TargetAttributes = {
					BC5B39AC27CC75B9000DB3B8 = {
						CreatedOnToolsVersion = 13.2.1;
					};
					BC5B39B227CC75B9000DB3B8 = {
						CreatedOnToolsVersion = 13.2.1;
					};
				};
			};
			buildConfigurationList = BC5B39A427CC75B7000DB3B8 /* Build configuration list for PBXProject "SwiftNavigation" */;
			compatibilityVersion = "Xcode 13.0";
			developmentRegion = en;
			hasScannedForEncodings = 0;
			knownRegions = (
				en,
				Base,
			);
			mainGroup = BC5B39A027CC75B7000DB3B8;
			productRefGroup = BC5B39AE27CC75B9000DB3B8 /* Products */;
			projectDirPath = "";
			projectRoot = "";
			targets = (
				BC5B39AC27CC75B9000DB3B8 /* SwiftNavigation (iOS) */,
				BC5B39B227CC75B9000DB3B8 /* SwiftNavigation (macOS) */,
			);
		};
/* End PBXProject section */

/* Begin PBXResourcesBuildPhase section */
		BC5B39AB27CC75B9000DB3B8 /* Resources */ = {
			isa = PBXResourcesBuildPhase;
			buildActionMask = 2147483647;
			files = (
				BC5B39BA27CC75B9000DB3B8 /* Assets.xcassets in Resources */,
			);
			runOnlyForDeploymentPostprocessing = 0;
		};
		BC5B39B127CC75B9000DB3B8 /* Resources */ = {
			isa = PBXResourcesBuildPhase;
			buildActionMask = 2147483647;
			files = (
				BC5B39BB27CC75B9000DB3B8 /* Assets.xcassets in Resources */,
			);
			runOnlyForDeploymentPostprocessing = 0;
		};
/* End PBXResourcesBuildPhase section */

/* Begin PBXSourcesBuildPhase section */
		BC5B39A927CC75B9000DB3B8 /* Sources */ = {
			isa = PBXSourcesBuildPhase;
			buildActionMask = 2147483647;
			files = (
				BC5B39C827CC77AD000DB3B8 /* ItemDetailView.swift in Sources */,
				BC5B39B827CC75B9000DB3B8 /* ContentView.swift in Sources */,
				BC5B39B627CC75B9000DB3B8 /* SwiftNavigationApp.swift in Sources */,
			);
			runOnlyForDeploymentPostprocessing = 0;
		};
		BC5B39AF27CC75B9000DB3B8 /* Sources */ = {
			isa = PBXSourcesBuildPhase;
			buildActionMask = 2147483647;
			files = (
				BC5B39C927CC77AD000DB3B8 /* ItemDetailView.swift in Sources */,
				BC5B39B927CC75B9000DB3B8 /* ContentView.swift in Sources */,
				BC5B39B727CC75B9000DB3B8 /* SwiftNavigationApp.swift in Sources */,
			);
			runOnlyForDeploymentPostprocessing = 0;
		};
/* End PBXSourcesBuildPhase section */

/* Begin XCBuildConfiguration section */
		BC5B39BC27CC75B9000DB3B8 /* Debug */ = {
			isa = XCBuildConfiguration;
			buildSettings = {
				ALWAYS_SEARCH_USER_PATHS = NO;
				CLANG_ANALYZER_NONNULL = YES;
				CLANG_ANALYZER_NUMBER_OBJECT_CONVERSION = YES_AGGRESSIVE;
				CLANG_CXX_LANGUAGE_STANDARD = "gnu++17";
				CLANG_CXX_LIBRARY = "libc++";
				CLANG_ENABLE_MODULES = YES;
				CLANG_ENABLE_OBJC_ARC = YES;
				CLANG_ENABLE_OBJC_WEAK = YES;
				CLANG_WARN_BLOCK_CAPTURE_AUTORELEASING = YES;
				CLANG_WARN_BOOL_CONVERSION = YES;
				CLANG_WARN_COMMA = YES;
				CLANG_WARN_CONSTANT_CONVERSION = YES;
				CLANG_WARN_DEPRECATED_OBJC_IMPLEMENTATIONS = YES;
				CLANG_WARN_DIRECT_OBJC_ISA_USAGE = YES_ERROR;
				CLANG_WARN_DOCUMENTATION_COMMENTS = YES;
				CLANG_WARN_EMPTY_BODY = YES;
				CLANG_WARN_ENUM_CONVERSION = YES;
				CLANG_WARN_INFINITE_RECURSION = YES;
				CLANG_WARN_INT_CONVERSION = YES;
				CLANG_WARN_NON_LITERAL_NULL_CONVERSION = YES;
				CLANG_WARN_OBJC_IMPLICIT_RETAIN_SELF = YES;
				CLANG_WARN_OBJC_LITERAL_CONVERSION = YES;
				CLANG_WARN_OBJC_ROOT_CLASS = YES_ERROR;
				CLANG_WARN_QUOTED_INCLUDE_IN_FRAMEWORK_HEADER = YES;
				CLANG_WARN_RANGE_LOOP_ANALYSIS = YES;
				CLANG_WARN_STRICT_PROTOTYPES = YES;
				CLANG_WARN_SUSPICIOUS_MOVE = YES;
				CLANG_WARN_UNGUARDED_AVAILABILITY = YES_AGGRESSIVE;
				CLANG_WARN_UNREACHABLE_CODE = YES;
				CLANG_WARN__DUPLICATE_METHOD_MATCH = YES;
				COPY_PHASE_STRIP = NO;
				DEBUG_INFORMATION_FORMAT = dwarf;
				ENABLE_STRICT_OBJC_MSGSEND = YES;
				ENABLE_TESTABILITY = YES;
				GCC_C_LANGUAGE_STANDARD = gnu11;
				GCC_DYNAMIC_NO_PIC = NO;
				GCC_NO_COMMON_BLOCKS = YES;
				GCC_OPTIMIZATION_LEVEL = 0;
				GCC_PREPROCESSOR_DEFINITIONS = (
					"DEBUG=1",
					"$(inherited)",
				);
				GCC_WARN_64_TO_32_BIT_CONVERSION = YES;
				GCC_WARN_ABOUT_RETURN_TYPE = YES_ERROR;
				GCC_WARN_UNDECLARED_SELECTOR = YES;
				GCC_WARN_UNINITIALIZED_AUTOS = YES_AGGRESSIVE;
				GCC_WARN_UNUSED_FUNCTION = YES;
				GCC_WARN_UNUSED_VARIABLE = YES;
				MTL_ENABLE_DEBUG_INFO = INCLUDE_SOURCE;
				MTL_FAST_MATH = YES;
				ONLY_ACTIVE_ARCH = YES;
				SWIFT_ACTIVE_COMPILATION_CONDITIONS = DEBUG;
				SWIFT_OPTIMIZATION_LEVEL = "-Onone";
			};
			name = Debug;
		};
		BC5B39BD27CC75B9000DB3B8 /* Release */ = {
			isa = XCBuildConfiguration;
			buildSettings = {
				ALWAYS_SEARCH_USER_PATHS = NO;
				CLANG_ANALYZER_NONNULL = YES;
				CLANG_ANALYZER_NUMBER_OBJECT_CONVERSION = YES_AGGRESSIVE;
				CLANG_CXX_LANGUAGE_STANDARD = "gnu++17";
				CLANG_CXX_LIBRARY = "libc++";
				CLANG_ENABLE_MODULES = YES;
				CLANG_ENABLE_OBJC_ARC = YES;
				CLANG_ENABLE_OBJC_WEAK = YES;
				CLANG_WARN_BLOCK_CAPTURE_AUTORELEASING = YES;
				CLANG_WARN_BOOL_CONVERSION = YES;
				CLANG_WARN_COMMA = YES;
				CLANG_WARN_CONSTANT_CONVERSION = YES;
				CLANG_WARN_DEPRECATED_OBJC_IMPLEMENTATIONS = YES;
				CLANG_WARN_DIRECT_OBJC_ISA_USAGE = YES_ERROR;
				CLANG_WARN_DOCUMENTATION_COMMENTS = YES;
				CLANG_WARN_EMPTY_BODY = YES;
				CLANG_WARN_ENUM_CONVERSION = YES;
				CLANG_WARN_INFINITE_RECURSION = YES;
				CLANG_WARN_INT_CONVERSION = YES;
				CLANG_WARN_NON_LITERAL_NULL_CONVERSION = YES;
				CLANG_WARN_OBJC_IMPLICIT_RETAIN_SELF = YES;
				CLANG_WARN_OBJC_LITERAL_CONVERSION = YES;
				CLANG_WARN_OBJC_ROOT_CLASS = YES_ERROR;
				CLANG_WARN_QUOTED_INCLUDE_IN_FRAMEWORK_HEADER = YES;
				CLANG_WARN_RANGE_LOOP_ANALYSIS = YES;
				CLANG_WARN_STRICT_PROTOTYPES = YES;
				CLANG_WARN_SUSPICIOUS_MOVE = YES;
				CLANG_WARN_UNGUARDED_AVAILABILITY = YES_AGGRESSIVE;
				CLANG_WARN_UNREACHABLE_CODE = YES;
				CLANG_WARN__DUPLICATE_METHOD_MATCH = YES;
				COPY_PHASE_STRIP = NO;
				DEBUG_INFORMATION_FORMAT = "dwarf-with-dsym";
				ENABLE_NS_ASSERTIONS = NO;
				ENABLE_STRICT_OBJC_MSGSEND = YES;
				GCC_C_LANGUAGE_STANDARD = gnu11;
				GCC_NO_COMMON_BLOCKS = YES;
				GCC_WARN_64_TO_32_BIT_CONVERSION = YES;
				GCC_WARN_ABOUT_RETURN_TYPE = YES_ERROR;
				GCC_WARN_UNDECLARED_SELECTOR = YES;
				GCC_WARN_UNINITIALIZED_AUTOS = YES_AGGRESSIVE;
				GCC_WARN_UNUSED_FUNCTION = YES;
				GCC_WARN_UNUSED_VARIABLE = YES;
				MTL_ENABLE_DEBUG_INFO = NO;
				MTL_FAST_MATH = YES;
				SWIFT_COMPILATION_MODE = wholemodule;
				SWIFT_OPTIMIZATION_LEVEL = "-O";
			};
			name = Release;
		};
		BC5B39BF27CC75B9000DB3B8 /* Debug */ = {
			isa = XCBuildConfiguration;
			buildSettings = {
				ASSETCATALOG_COMPILER_APPICON_NAME = AppIcon;
				ASSETCATALOG_COMPILER_GLOBAL_ACCENT_COLOR_NAME = AccentColor;
				CODE_SIGN_STYLE = Automatic;
				CURRENT_PROJECT_VERSION = 1;
				DEVELOPMENT_TEAM = 4VMH6Q2QV2;
				ENABLE_PREVIEWS = YES;
				GENERATE_INFOPLIST_FILE = YES;
				INFOPLIST_KEY_UIApplicationSceneManifest_Generation = YES;
				INFOPLIST_KEY_UIApplicationSupportsIndirectInputEvents = YES;
				INFOPLIST_KEY_UILaunchScreen_Generation = YES;
				INFOPLIST_KEY_UISupportedInterfaceOrientations_iPad = "UIInterfaceOrientationPortrait UIInterfaceOrientationPortraitUpsideDown UIInterfaceOrientationLandscapeLeft UIInterfaceOrientationLandscapeRight";
				INFOPLIST_KEY_UISupportedInterfaceOrientations_iPhone = "UIInterfaceOrientationPortrait UIInterfaceOrientationLandscapeLeft UIInterfaceOrientationLandscapeRight";
				IPHONEOS_DEPLOYMENT_TARGET = 15.2;
				LD_RUNPATH_SEARCH_PATHS = (
					"$(inherited)",
					"@executable_path/Frameworks",
				);
				MARKETING_VERSION = 1.0;
				PRODUCT_BUNDLE_IDENTIFIER = brittanie.SwiftNavigation;
				PRODUCT_NAME = SwiftNavigation;
				SDKROOT = iphoneos;
				SWIFT_EMIT_LOC_STRINGS = YES;
				SWIFT_VERSION = 5.0;
				TARGETED_DEVICE_FAMILY = "1,2";
			};
			name = Debug;
		};
		BC5B39C027CC75B9000DB3B8 /* Release */ = {
			isa = XCBuildConfiguration;
			buildSettings = {
				ASSETCATALOG_COMPILER_APPICON_NAME = AppIcon;
				ASSETCATALOG_COMPILER_GLOBAL_ACCENT_COLOR_NAME = AccentColor;
				CODE_SIGN_STYLE = Automatic;
				CURRENT_PROJECT_VERSION = 1;
				DEVELOPMENT_TEAM = 4VMH6Q2QV2;
				ENABLE_PREVIEWS = YES;
				GENERATE_INFOPLIST_FILE = YES;
				INFOPLIST_KEY_UIApplicationSceneManifest_Generation = YES;
				INFOPLIST_KEY_UIApplicationSupportsIndirectInputEvents = YES;
				INFOPLIST_KEY_UILaunchScreen_Generation = YES;
				INFOPLIST_KEY_UISupportedInterfaceOrientations_iPad = "UIInterfaceOrientationPortrait UIInterfaceOrientationPortraitUpsideDown UIInterfaceOrientationLandscapeLeft UIInterfaceOrientationLandscapeRight";
				INFOPLIST_KEY_UISupportedInterfaceOrientations_iPhone = "UIInterfaceOrientationPortrait UIInterfaceOrientationLandscapeLeft UIInterfaceOrientationLandscapeRight";
				IPHONEOS_DEPLOYMENT_TARGET = 15.2;
				LD_RUNPATH_SEARCH_PATHS = (
					"$(inherited)",
					"@executable_path/Frameworks",
				);
				MARKETING_VERSION = 1.0;
				PRODUCT_BUNDLE_IDENTIFIER = brittanie.SwiftNavigation;
				PRODUCT_NAME = SwiftNavigation;
				SDKROOT = iphoneos;
				SWIFT_EMIT_LOC_STRINGS = YES;
				SWIFT_VERSION = 5.0;
				TARGETED_DEVICE_FAMILY = "1,2";
				VALIDATE_PRODUCT = YES;
			};
			name = Release;
		};
		BC5B39C227CC75B9000DB3B8 /* Debug */ = {
			isa = XCBuildConfiguration;
			buildSettings = {
				ASSETCATALOG_COMPILER_APPICON_NAME = AppIcon;
				ASSETCATALOG_COMPILER_GLOBAL_ACCENT_COLOR_NAME = AccentColor;
				CODE_SIGN_ENTITLEMENTS = macOS/macOS.entitlements;
				CODE_SIGN_STYLE = Automatic;
				COMBINE_HIDPI_IMAGES = YES;
				CURRENT_PROJECT_VERSION = 1;
				DEVELOPMENT_TEAM = 4VMH6Q2QV2;
				ENABLE_HARDENED_RUNTIME = YES;
				ENABLE_PREVIEWS = YES;
				GENERATE_INFOPLIST_FILE = YES;
				INFOPLIST_KEY_NSHumanReadableCopyright = "";
				LD_RUNPATH_SEARCH_PATHS = (
					"$(inherited)",
					"@executable_path/../Frameworks",
				);
				MACOSX_DEPLOYMENT_TARGET = 12.0;
				MARKETING_VERSION = 1.0;
				PRODUCT_BUNDLE_IDENTIFIER = brittanie.SwiftNavigation;
				PRODUCT_NAME = SwiftNavigation;
				SDKROOT = macosx;
				SWIFT_EMIT_LOC_STRINGS = YES;
				SWIFT_VERSION = 5.0;
			};
			name = Debug;
		};
		BC5B39C327CC75B9000DB3B8 /* Release */ = {
			isa = XCBuildConfiguration;
			buildSettings = {
				ASSETCATALOG_COMPILER_APPICON_NAME = AppIcon;
				ASSETCATALOG_COMPILER_GLOBAL_ACCENT_COLOR_NAME = AccentColor;
				CODE_SIGN_ENTITLEMENTS = macOS/macOS.entitlements;
				CODE_SIGN_STYLE = Automatic;
				COMBINE_HIDPI_IMAGES = YES;
				CURRENT_PROJECT_VERSION = 1;
				DEVELOPMENT_TEAM = 4VMH6Q2QV2;
				ENABLE_HARDENED_RUNTIME = YES;
				ENABLE_PREVIEWS = YES;
				GENERATE_INFOPLIST_FILE = YES;
				INFOPLIST_KEY_NSHumanReadableCopyright = "";
				LD_RUNPATH_SEARCH_PATHS = (
					"$(inherited)",
					"@executable_path/../Frameworks",
				);
				MACOSX_DEPLOYMENT_TARGET = 12.0;
				MARKETING_VERSION = 1.0;
				PRODUCT_BUNDLE_IDENTIFIER = brittanie.SwiftNavigation;
				PRODUCT_NAME = SwiftNavigation;
				SDKROOT = macosx;
				SWIFT_EMIT_LOC_STRINGS = YES;
				SWIFT_VERSION = 5.0;
			};
			name = Release;
		};
/* End XCBuildConfiguration section */

/* Begin XCConfigurationList section */
		BC5B39A427CC75B7000DB3B8 /* Build configuration list for PBXProject "SwiftNavigation" */ = {
			isa = XCConfigurationList;
			buildConfigurations = (
				BC5B39BC27CC75B9000DB3B8 /* Debug */,
				BC5B39BD27CC75B9000DB3B8 /* Release */,
			);
			defaultConfigurationIsVisible = 0;
			defaultConfigurationName = Release;
		};
		BC5B39BE27CC75B9000DB3B8 /* Build configuration list for PBXNativeTarget "SwiftNavigation (iOS)" */ = {
			isa = XCConfigurationList;
			buildConfigurations = (
				BC5B39BF27CC75B9000DB3B8 /* Debug */,
				BC5B39C027CC75B9000DB3B8 /* Release */,
			);
			defaultConfigurationIsVisible = 0;
			defaultConfigurationName = Release;
		};
		BC5B39C127CC75B9000DB3B8 /* Build configuration list for PBXNativeTarget "SwiftNavigation (macOS)" */ = {
			isa = XCConfigurationList;
			buildConfigurations = (
				BC5B39C227CC75B9000DB3B8 /* Debug */,
				BC5B39C327CC75B9000DB3B8 /* Release */,
			);
			defaultConfigurationIsVisible = 0;
			defaultConfigurationName = Release;
		};
/* End XCConfigurationList section */
	};
	rootObject = BC5B39A127CC75B7000DB3B8 /* Project object */;
}
